Microsoft Visual Studio Solution File, Format Version 11.00
# Visual Studio 2008

Project("{832D1C45-E002-1CE5-6995-EBD19876B005}") = "SittingInARoom", "Assembly-CSharp.csproj", "{4755D885-4527-2BDE-10C8-C5A32D4F6FC0}"
EndProject
Project("{832D1C45-E002-1CE5-6995-EBD19876B005}") = "SittingInARoom", "Assembly-CSharp-Editor.csproj", "{82185934-4897-8A08-E55A-AFD1A545DAF8}"
EndProject
Global
	GlobalSection(SolutionConfigurationPlatforms) = preSolution
		Debug|Any CPU = Debug|Any CPU
		Release|Any CPU = Release|Any CPU
	EndGlobalSection
	GlobalSection(ProjectConfigurationPlatforms) = postSolution
		{4755D885-4527-2BDE-10C8-C5A32D4F6FC0}.Debug|Any CPU.ActiveCfg = Debug|Any CPU
		{4755D885-4527-2BDE-10C8-C5A32D4F6FC0}.Debug|Any CPU.Build.0 = Debug|Any CPU
		{4755D885-4527-2BDE-10C8-C5A32D4F6FC0}.Release|Any CPU.ActiveCfg = Release|Any CPU
		{4755D885-4527-2BDE-10C8-C5A32D4F6FC0}.Release|Any CPU.Build.0 = Release|Any CPU
		{82185934-4897-8A08-E55A-AFD1A545DAF8}.Debug|Any CPU.ActiveCfg = Debug|Any CPU
		{82185934-4897-8A08-E55A-AFD1A545DAF8}.Debug|Any CPU.Build.0 = Debug|Any CPU
		{82185934-4897-8A08-E55A-AFD1A545DAF8}.Release|Any CPU.ActiveCfg = Release|Any CPU
		{82185934-4897-8A08-E55A-AFD1A545DAF8}.Release|Any CPU.Build.0 = Release|Any CPU
	EndGlobalSection
	GlobalSection(SolutionProperties) = preSolution
		HideSolutionNode = FALSE
	EndGlobalSection
													GlobalSection(MonoDevelopProperties) = preSolution
		StartupItem = Assembly-CSharp.csproj
		Policies = $0
		$0.TextStylePolicy = $1
		$1.inheritsSet = null
		$1.scope = text/x-csharp
		$0.CSharpFormattingPolicy = $2
		$2.inheritsSet = Mono
		$2.inheritsScope = text/x-csharp
		$2.scope = text/x-csharp
		$0.TextStylePolicy = $3
		$3.FileWidth = 120
		$3.TabWidth = 4
		$3.IndentWidth = 4
		$3.EolMarker = Unix
		$3.inheritsSet = Mono
		$3.inheritsScope = text/plain
		$3.scope = text/plain
	EndGlobalSection

EndGlobal
